
Microsoft Visual Studio Solution File, Format Version 12.00
# Visual Studio Version 17
VisualStudioVersion = 17.9.34723.18
MinimumVisualStudioVersion = 10.0.40219.1
Project("{54A90642-561A-4BB1-A94E-469ADEE60C69}") = "unoschat.client", "unoschat.client\unoschat.client.esproj", "{7BFD4072-FD4D-448D-87B8-B5076A509C68}"
EndProject
Project("{2150E333-8FDC-42A3-9474-1A3956D46DE8}") = "Services", "Services", "{6186B943-A1D3-4BD2-8554-93CA64DB0620}"
EndProject
Project("{9A19103F-16F7-4668-BE54-9A1E7A4F7556}") = "UNOSChat.AuthenticationAPI", "UNOSChat.AuthenticationAPI\UNOSChat.AuthenticationAPI.csproj", "{F62B0413-E80D-4888-8B79-A15554BDF69D}"
EndProject
Project("{9A19103F-16F7-4668-BE54-9A1E7A4F7556}") = "UNOSChat.ConversationAPI", "UNOSChat.ConversationAPI\UNOSChat.ConversationAPI.csproj", "{CBF6F8A5-7FFB-4B97-A966-ECBD6DB5A12D}"
EndProject
Project("{E53339B2-1760-4266-BCC7-CA923CBCF16C}") = "docker-compose", "docker-compose.dcproj", "{371567D8-E195-49A2-BEFE-53C004A87099}"
EndProject
Project("{FAE04EC0-301F-11D3-BF4B-00C04F79EFBC}") = "Gateway", "Gateway\Gateway.csproj", "{DF70C585-C3F5-436D-8C49-526805C1C7D7}"
EndProject
Project("{FAE04EC0-301F-11D3-BF4B-00C04F79EFBC}") = "OcelotGateway", "OcelotGateway\OcelotGateway.csproj", "{B28FF490-8C8C-458A-953E-D78AB8008E7F}"
EndProject
Global
	GlobalSection(SolutionConfigurationPlatforms) = preSolution
		Debug|Any CPU = Debug|Any CPU
		Release|Any CPU = Release|Any CPU
	EndGlobalSection
	GlobalSection(ProjectConfigurationPlatforms) = postSolution
		{7BFD4072-FD4D-448D-87B8-B5076A509C68}.Debug|Any CPU.ActiveCfg = Debug|Any CPU
		{7BFD4072-FD4D-448D-87B8-B5076A509C68}.Debug|Any CPU.Build.0 = Debug|Any CPU
		{7BFD4072-FD4D-448D-87B8-B5076A509C68}.Release|Any CPU.ActiveCfg = Release|Any CPU
		{7BFD4072-FD4D-448D-87B8-B5076A509C68}.Release|Any CPU.Build.0 = Release|Any CPU
		{7BFD4072-FD4D-448D-87B8-B5076A509C68}.Release|Any CPU.Deploy.0 = Release|Any CPU
		{F62B0413-E80D-4888-8B79-A15554BDF69D}.Debug|Any CPU.ActiveCfg = Debug|Any CPU
		{F62B0413-E80D-4888-8B79-A15554BDF69D}.Debug|Any CPU.Build.0 = Debug|Any CPU
		{F62B0413-E80D-4888-8B79-A15554BDF69D}.Release|Any CPU.ActiveCfg = Release|Any CPU
		{F62B0413-E80D-4888-8B79-A15554BDF69D}.Release|Any CPU.Build.0 = Release|Any CPU
		{CBF6F8A5-7FFB-4B97-A966-ECBD6DB5A12D}.Debug|Any CPU.ActiveCfg = Debug|Any CPU
		{CBF6F8A5-7FFB-4B97-A966-ECBD6DB5A12D}.Debug|Any CPU.Build.0 = Debug|Any CPU
		{CBF6F8A5-7FFB-4B97-A966-ECBD6DB5A12D}.Release|Any CPU.ActiveCfg = Release|Any CPU
		{CBF6F8A5-7FFB-4B97-A966-ECBD6DB5A12D}.Release|Any CPU.Build.0 = Release|Any CPU
		{371567D8-E195-49A2-BEFE-53C004A87099}.Debug|Any CPU.ActiveCfg = Debug|Any CPU
		{371567D8-E195-49A2-BEFE-53C004A87099}.Debug|Any CPU.Build.0 = Debug|Any CPU
		{371567D8-E195-49A2-BEFE-53C004A87099}.Release|Any CPU.ActiveCfg = Release|Any CPU
		{371567D8-E195-49A2-BEFE-53C004A87099}.Release|Any CPU.Build.0 = Release|Any CPU
		{DF70C585-C3F5-436D-8C49-526805C1C7D7}.Debug|Any CPU.ActiveCfg = Debug|Any CPU
		{DF70C585-C3F5-436D-8C49-526805C1C7D7}.Debug|Any CPU.Build.0 = Debug|Any CPU
		{DF70C585-C3F5-436D-8C49-526805C1C7D7}.Release|Any CPU.ActiveCfg = Release|Any CPU
		{DF70C585-C3F5-436D-8C49-526805C1C7D7}.Release|Any CPU.Build.0 = Release|Any CPU
		{B28FF490-8C8C-458A-953E-D78AB8008E7F}.Debug|Any CPU.ActiveCfg = Debug|Any CPU
		{B28FF490-8C8C-458A-953E-D78AB8008E7F}.Debug|Any CPU.Build.0 = Debug|Any CPU
		{B28FF490-8C8C-458A-953E-D78AB8008E7F}.Release|Any CPU.ActiveCfg = Release|Any CPU
		{B28FF490-8C8C-458A-953E-D78AB8008E7F}.Release|Any CPU.Build.0 = Release|Any CPU
	EndGlobalSection
	GlobalSection(SolutionProperties) = preSolution
		HideSolutionNode = FALSE
	EndGlobalSection
	GlobalSection(NestedProjects) = preSolution
		{F62B0413-E80D-4888-8B79-A15554BDF69D} = {6186B943-A1D3-4BD2-8554-93CA64DB0620}
		{CBF6F8A5-7FFB-4B97-A966-ECBD6DB5A12D} = {6186B943-A1D3-4BD2-8554-93CA64DB0620}
	EndGlobalSection
	GlobalSection(ExtensibilityGlobals) = postSolution
		SolutionGuid = {FA7282D6-E87C-4B00-8336-1318C3ADD13E}
	EndGlobalSection
EndGlobal
